
Microsoft Visual Studio Solution File, Format Version 12.00
# Visual Studio Version 16
VisualStudioVersion = 16.0.32228.343
MinimumVisualStudioVersion = 10.0.40219.1
Project("{9A19103F-16F7-4668-BE54-9A1E7A4F7556}") = "PersonalityTestSwitchh", "PersonalityTestSwitchh\PersonalityTestSwitchh.csproj", "{386C720B-18AC-4CFA-BA47-09C965B1D4E0}"
EndProject
Project("{9A19103F-16F7-4668-BE54-9A1E7A4F7556}") = "GradingIf", "GradingIf\GradingIf.csproj", "{7D6E403A-E924-46BE-9630-48F0FBB4475D}"
EndProject
Project("{9A19103F-16F7-4668-BE54-9A1E7A4F7556}") = "GradingSwitch", "GradingSwitch\GradingSwitch.csproj", "{5782CB5B-7943-40A8-B580-B767232C305A}"
EndProject
Project("{9A19103F-16F7-4668-BE54-9A1E7A4F7556}") = "CatsandDogs", "CatsandDogs\CatsandDogs.csproj", "{3E30C3F9-B31A-4905-8742-B312DE5E3298}"
EndProject
Project("{FAE04EC0-301F-11D3-BF4B-00C04F79EFBC}") = "PersonalityTest", "PersonalityTest\PersonalityTest.csproj", "{0943C8C8-6F09-4E6A-ABED-32E28F9B8BFA}"
EndProject
Global
	GlobalSection(SolutionConfigurationPlatforms) = preSolution
		Debug|Any CPU = Debug|Any CPU
		Release|Any CPU = Release|Any CPU
	EndGlobalSection
	GlobalSection(ProjectConfigurationPlatforms) = postSolution
		{386C720B-18AC-4CFA-BA47-09C965B1D4E0}.Debug|Any CPU.ActiveCfg = Debug|Any CPU
		{386C720B-18AC-4CFA-BA47-09C965B1D4E0}.Debug|Any CPU.Build.0 = Debug|Any CPU
		{386C720B-18AC-4CFA-BA47-09C965B1D4E0}.Release|Any CPU.ActiveCfg = Release|Any CPU
		{386C720B-18AC-4CFA-BA47-09C965B1D4E0}.Release|Any CPU.Build.0 = Release|Any CPU
		{7D6E403A-E924-46BE-9630-48F0FBB4475D}.Debug|Any CPU.ActiveCfg = Debug|Any CPU
		{7D6E403A-E924-46BE-9630-48F0FBB4475D}.Debug|Any CPU.Build.0 = Debug|Any CPU
		{7D6E403A-E924-46BE-9630-48F0FBB4475D}.Release|Any CPU.ActiveCfg = Release|Any CPU
		{7D6E403A-E924-46BE-9630-48F0FBB4475D}.Release|Any CPU.Build.0 = Release|Any CPU
		{5782CB5B-7943-40A8-B580-B767232C305A}.Debug|Any CPU.ActiveCfg = Debug|Any CPU
		{5782CB5B-7943-40A8-B580-B767232C305A}.Debug|Any CPU.Build.0 = Debug|Any CPU
		{5782CB5B-7943-40A8-B580-B767232C305A}.Release|Any CPU.ActiveCfg = Release|Any CPU
		{5782CB5B-7943-40A8-B580-B767232C305A}.Release|Any CPU.Build.0 = Release|Any CPU
		{3E30C3F9-B31A-4905-8742-B312DE5E3298}.Debug|Any CPU.ActiveCfg = Debug|Any CPU
		{3E30C3F9-B31A-4905-8742-B312DE5E3298}.Debug|Any CPU.Build.0 = Debug|Any CPU
		{3E30C3F9-B31A-4905-8742-B312DE5E3298}.Release|Any CPU.ActiveCfg = Release|Any CPU
		{3E30C3F9-B31A-4905-8742-B312DE5E3298}.Release|Any CPU.Build.0 = Release|Any CPU
		{0943C8C8-6F09-4E6A-ABED-32E28F9B8BFA}.Debug|Any CPU.ActiveCfg = Debug|Any CPU
		{0943C8C8-6F09-4E6A-ABED-32E28F9B8BFA}.Debug|Any CPU.Build.0 = Debug|Any CPU
		{0943C8C8-6F09-4E6A-ABED-32E28F9B8BFA}.Release|Any CPU.ActiveCfg = Release|Any CPU
		{0943C8C8-6F09-4E6A-ABED-32E28F9B8BFA}.Release|Any CPU.Build.0 = Release|Any CPU
	EndGlobalSection
	GlobalSection(SolutionProperties) = preSolution
		HideSolutionNode = FALSE
	EndGlobalSection
	GlobalSection(ExtensibilityGlobals) = postSolution
		SolutionGuid = {084D1978-D0F4-4793-AE0F-2205810FED53}
	EndGlobalSection
EndGlobal
